
Microsoft Visual Studio Solution File, Format Version 12.00
# Visual Studio Version 17
VisualStudioVersion = 17.14.36401.2 d17.14
MinimumVisualStudioVersion = 10.0.40219.1
Project("{FAE04EC0-301F-11D3-BF4B-00C04F79EFBC}") = "React19AppBackEndApi", "React19AppBackEndApi\React19AppBackEndApi.csproj", "{93D2573C-BC00-4415-84BA-3DFBACA337A2}"
EndProject
Project("{FAE04EC0-301F-11D3-BF4B-00C04F79EFBC}") = "React19AppBackEndApi.Domain", "React19AppBackEndApi.Domain\React19AppBackEndApi.Domain.csproj", "{5945DB9A-DD50-47A8-8E40-0A13754E49EF}"
EndProject
Project("{FAE04EC0-301F-11D3-BF4B-00C04F79EFBC}") = "React19AppBackEndApi.Application", "React19AppBackEndApi.Application\React19AppBackEndApi.Application.csproj", "{756157B7-EAEE-43E9-85EB-C28626D81E7B}"
EndProject
Project("{FAE04EC0-301F-11D3-BF4B-00C04F79EFBC}") = "React19AppBackEndApi.Persistence", "React19AppBackEndApi.Persistence\React19AppBackEndApi.Persistence.csproj", "{C81ECBDC-E21F-4BC9-978E-3DC6F0F3919D}"
EndProject
Global
	GlobalSection(SolutionConfigurationPlatforms) = preSolution
		Debug|Any CPU = Debug|Any CPU
		Release|Any CPU = Release|Any CPU
	EndGlobalSection
	GlobalSection(ProjectConfigurationPlatforms) = postSolution
		{93D2573C-BC00-4415-84BA-3DFBACA337A2}.Debug|Any CPU.ActiveCfg = Debug|Any CPU
		{93D2573C-BC00-4415-84BA-3DFBACA337A2}.Debug|Any CPU.Build.0 = Debug|Any CPU
		{93D2573C-BC00-4415-84BA-3DFBACA337A2}.Release|Any CPU.ActiveCfg = Release|Any CPU
		{93D2573C-BC00-4415-84BA-3DFBACA337A2}.Release|Any CPU.Build.0 = Release|Any CPU
		{5945DB9A-DD50-47A8-8E40-0A13754E49EF}.Debug|Any CPU.ActiveCfg = Debug|Any CPU
		{5945DB9A-DD50-47A8-8E40-0A13754E49EF}.Debug|Any CPU.Build.0 = Debug|Any CPU
		{5945DB9A-DD50-47A8-8E40-0A13754E49EF}.Release|Any CPU.ActiveCfg = Release|Any CPU
		{5945DB9A-DD50-47A8-8E40-0A13754E49EF}.Release|Any CPU.Build.0 = Release|Any CPU
		{756157B7-EAEE-43E9-85EB-C28626D81E7B}.Debug|Any CPU.ActiveCfg = Debug|Any CPU
		{756157B7-EAEE-43E9-85EB-C28626D81E7B}.Debug|Any CPU.Build.0 = Debug|Any CPU
		{756157B7-EAEE-43E9-85EB-C28626D81E7B}.Release|Any CPU.ActiveCfg = Release|Any CPU
		{756157B7-EAEE-43E9-85EB-C28626D81E7B}.Release|Any CPU.Build.0 = Release|Any CPU
		{C81ECBDC-E21F-4BC9-978E-3DC6F0F3919D}.Debug|Any CPU.ActiveCfg = Debug|Any CPU
		{C81ECBDC-E21F-4BC9-978E-3DC6F0F3919D}.Debug|Any CPU.Build.0 = Debug|Any CPU
		{C81ECBDC-E21F-4BC9-978E-3DC6F0F3919D}.Release|Any CPU.ActiveCfg = Release|Any CPU
		{C81ECBDC-E21F-4BC9-978E-3DC6F0F3919D}.Release|Any CPU.Build.0 = Release|Any CPU
	EndGlobalSection
	GlobalSection(SolutionProperties) = preSolution
		HideSolutionNode = FALSE
	EndGlobalSection
	GlobalSection(ExtensibilityGlobals) = postSolution
		SolutionGuid = {1FB36D07-AE56-4C63-87E9-9F11660A0B38}
	EndGlobalSection
EndGlobal
